
Microsoft Visual Studio Solution File, Format Version 12.00
# Visual Studio Version 17
VisualStudioVersion = 17.10.35122.118
MinimumVisualStudioVersion = 10.0.40219.1
Project("{2150E333-8FDC-42A3-9474-1A3956D46DE8}") = "src", "src", "{BAB6E14D-8F56-4C70-8308-D9CD4BCE6FAD}"
EndProject
Project("{2150E333-8FDC-42A3-9474-1A3956D46DE8}") = "~API", "~API", "{9DC19CF6-BADA-4E9A-BF7D-83920FD6DD85}"
EndProject
Project("{2150E333-8FDC-42A3-9474-1A3956D46DE8}") = "#Data", "#Data", "{69E0A788-4D4C-4C4C-9CF4-F934C7E96449}"
EndProject
Project("{9A19103F-16F7-4668-BE54-9A1E7A4F7556}") = "SmartAppt.API", "src\~API\SmartAppt.API\SmartAppt.API.csproj", "{E0A7ECB1-7D93-4EAE-AE7F-CADAD3C50E23}"
EndProject
Project("{9A19103F-16F7-4668-BE54-9A1E7A4F7556}") = "Data.SmartAppt.SQL", "src\#Data\Data.SmartAppt.SQL\Data.SmartAppt.SQL.csproj", "{578F8AB7-53A3-419B-BEC6-1A7ADB694877}"
EndProject
Project("{2150E333-8FDC-42A3-9474-1A3956D46DE8}") = "!Business", "!Business", "{3674B517-B56D-4336-9BBB-9BAA55BFD2A9}"
EndProject
Project("{9A19103F-16F7-4668-BE54-9A1E7A4F7556}") = "Business.SmartAppt", "src\!Business\Business.SmartAppt\Business.SmartAppt.csproj", "{08FDC12D-F5FE-40C6-AF43-6C81522FD7FD}"
EndProject
Project("{2150E333-8FDC-42A3-9474-1A3956D46DE8}") = "$Common", "$Common", "{FD5B0772-F89E-4AD7-A284-15493B096B39}"
EndProject
Project("{FAE04EC0-301F-11D3-BF4B-00C04F79EFBC}") = "Common", "src\$Common\Common\Common.csproj", "{067BEFD7-7C07-4FCE-8CD5-DC980B0D8CEA}"
EndProject
Global
	GlobalSection(SolutionConfigurationPlatforms) = preSolution
		Debug|Any CPU = Debug|Any CPU
		Release|Any CPU = Release|Any CPU
	EndGlobalSection
	GlobalSection(ProjectConfigurationPlatforms) = postSolution
		{E0A7ECB1-7D93-4EAE-AE7F-CADAD3C50E23}.Debug|Any CPU.ActiveCfg = Debug|Any CPU
		{E0A7ECB1-7D93-4EAE-AE7F-CADAD3C50E23}.Debug|Any CPU.Build.0 = Debug|Any CPU
		{E0A7ECB1-7D93-4EAE-AE7F-CADAD3C50E23}.Release|Any CPU.ActiveCfg = Release|Any CPU
		{E0A7ECB1-7D93-4EAE-AE7F-CADAD3C50E23}.Release|Any CPU.Build.0 = Release|Any CPU
		{578F8AB7-53A3-419B-BEC6-1A7ADB694877}.Debug|Any CPU.ActiveCfg = Debug|Any CPU
		{578F8AB7-53A3-419B-BEC6-1A7ADB694877}.Debug|Any CPU.Build.0 = Debug|Any CPU
		{578F8AB7-53A3-419B-BEC6-1A7ADB694877}.Release|Any CPU.ActiveCfg = Release|Any CPU
		{578F8AB7-53A3-419B-BEC6-1A7ADB694877}.Release|Any CPU.Build.0 = Release|Any CPU
		{08FDC12D-F5FE-40C6-AF43-6C81522FD7FD}.Debug|Any CPU.ActiveCfg = Debug|Any CPU
		{08FDC12D-F5FE-40C6-AF43-6C81522FD7FD}.Debug|Any CPU.Build.0 = Debug|Any CPU
		{08FDC12D-F5FE-40C6-AF43-6C81522FD7FD}.Release|Any CPU.ActiveCfg = Release|Any CPU
		{08FDC12D-F5FE-40C6-AF43-6C81522FD7FD}.Release|Any CPU.Build.0 = Release|Any CPU
		{067BEFD7-7C07-4FCE-8CD5-DC980B0D8CEA}.Debug|Any CPU.ActiveCfg = Debug|Any CPU
		{067BEFD7-7C07-4FCE-8CD5-DC980B0D8CEA}.Debug|Any CPU.Build.0 = Debug|Any CPU
		{067BEFD7-7C07-4FCE-8CD5-DC980B0D8CEA}.Release|Any CPU.ActiveCfg = Release|Any CPU
		{067BEFD7-7C07-4FCE-8CD5-DC980B0D8CEA}.Release|Any CPU.Build.0 = Release|Any CPU
	EndGlobalSection
	GlobalSection(SolutionProperties) = preSolution
		HideSolutionNode = FALSE
	EndGlobalSection
	GlobalSection(NestedProjects) = preSolution
		{9DC19CF6-BADA-4E9A-BF7D-83920FD6DD85} = {BAB6E14D-8F56-4C70-8308-D9CD4BCE6FAD}
		{69E0A788-4D4C-4C4C-9CF4-F934C7E96449} = {BAB6E14D-8F56-4C70-8308-D9CD4BCE6FAD}
		{E0A7ECB1-7D93-4EAE-AE7F-CADAD3C50E23} = {9DC19CF6-BADA-4E9A-BF7D-83920FD6DD85}
		{578F8AB7-53A3-419B-BEC6-1A7ADB694877} = {69E0A788-4D4C-4C4C-9CF4-F934C7E96449}
		{3674B517-B56D-4336-9BBB-9BAA55BFD2A9} = {BAB6E14D-8F56-4C70-8308-D9CD4BCE6FAD}
		{08FDC12D-F5FE-40C6-AF43-6C81522FD7FD} = {3674B517-B56D-4336-9BBB-9BAA55BFD2A9}
		{FD5B0772-F89E-4AD7-A284-15493B096B39} = {BAB6E14D-8F56-4C70-8308-D9CD4BCE6FAD}
		{067BEFD7-7C07-4FCE-8CD5-DC980B0D8CEA} = {FD5B0772-F89E-4AD7-A284-15493B096B39}
	EndGlobalSection
	GlobalSection(ExtensibilityGlobals) = postSolution
		SolutionGuid = {EC9900A7-E22E-4096-B674-75A09B794EDD}
	EndGlobalSection
EndGlobal
